
Microsoft Visual Studio Solution File, Format Version 12.00
# Visual Studio Version 16
VisualStudioVersion = 16.0.29926.136
MinimumVisualStudioVersion = 10.0.40219.1
Project("{FAE04EC0-301F-11D3-BF4B-00C04F79EFBC}") = "Zadanie17_WagiMiaryPredkosci", "Zadanie17_WagiMiaryPredkosci\Zadanie17_WagiMiaryPredkosci.csproj", "{8700D886-B4C9-4CEE-B410-BFE52BF5BAC9}"
EndProject
Global
	GlobalSection(SolutionConfigurationPlatforms) = preSolution
		Debug|Any CPU = Debug|Any CPU
		Release|Any CPU = Release|Any CPU
	EndGlobalSection
	GlobalSection(ProjectConfigurationPlatforms) = postSolution
		{8700D886-B4C9-4CEE-B410-BFE52BF5BAC9}.Debug|Any CPU.ActiveCfg = Debug|Any CPU
		{8700D886-B4C9-4CEE-B410-BFE52BF5BAC9}.Debug|Any CPU.Build.0 = Debug|Any CPU
		{8700D886-B4C9-4CEE-B410-BFE52BF5BAC9}.Release|Any CPU.ActiveCfg = Release|Any CPU
		{8700D886-B4C9-4CEE-B410-BFE52BF5BAC9}.Release|Any CPU.Build.0 = Release|Any CPU
	EndGlobalSection
	GlobalSection(SolutionProperties) = preSolution
		HideSolutionNode = FALSE
	EndGlobalSection
	GlobalSection(ExtensibilityGlobals) = postSolution
		SolutionGuid = {A05CB7C7-9A40-40C1-B40F-9DCE78C4B33C}
	EndGlobalSection
EndGlobal
